
Microsoft Visual Studio Solution File, Format Version 12.00
# Visual Studio 2013
VisualStudioVersion = 12.0.30501.0
MinimumVisualStudioVersion = 10.0.40219.1
Project("{FAE04EC0-301F-11D3-BF4B-00C04F79EFBC}") = "TempWebApp", "TempWebApp\TempWebApp.csproj", "{FE040578-FA05-449C-B2FE-9C09A2CB3E4C}"
EndProject
Project("{FAE04EC0-301F-11D3-BF4B-00C04F79EFBC}") = "TempWebApp.DAC", "TempWebApp.DAC\TempWebApp.DAC.csproj", "{BBE495F8-42BF-4157-8F21-B286652D69EB}"
EndProject
Project("{FAE04EC0-301F-11D3-BF4B-00C04F79EFBC}") = "TempWebApp.BC", "TempWebApp.BC\TempWebApp.BC.csproj", "{355B70EA-8EE7-48FF-9A2A-6D48D6265279}"
EndProject
Project("{FAE04EC0-301F-11D3-BF4B-00C04F79EFBC}") = "Properties", "Properties\Properties.csproj", "{95870F2A-2DEE-406E-A922-908E34FCB7E9}"
EndProject
Global
	GlobalSection(SolutionConfigurationPlatforms) = preSolution
		Debug|Any CPU = Debug|Any CPU
		Release|Any CPU = Release|Any CPU
	EndGlobalSection
	GlobalSection(ProjectConfigurationPlatforms) = postSolution
		{FE040578-FA05-449C-B2FE-9C09A2CB3E4C}.Debug|Any CPU.ActiveCfg = Debug|Any CPU
		{FE040578-FA05-449C-B2FE-9C09A2CB3E4C}.Debug|Any CPU.Build.0 = Debug|Any CPU
		{FE040578-FA05-449C-B2FE-9C09A2CB3E4C}.Release|Any CPU.ActiveCfg = Release|Any CPU
		{FE040578-FA05-449C-B2FE-9C09A2CB3E4C}.Release|Any CPU.Build.0 = Release|Any CPU
		{BBE495F8-42BF-4157-8F21-B286652D69EB}.Debug|Any CPU.ActiveCfg = Debug|Any CPU
		{BBE495F8-42BF-4157-8F21-B286652D69EB}.Debug|Any CPU.Build.0 = Debug|Any CPU
		{BBE495F8-42BF-4157-8F21-B286652D69EB}.Release|Any CPU.ActiveCfg = Release|Any CPU
		{BBE495F8-42BF-4157-8F21-B286652D69EB}.Release|Any CPU.Build.0 = Release|Any CPU
		{355B70EA-8EE7-48FF-9A2A-6D48D6265279}.Debug|Any CPU.ActiveCfg = Debug|Any CPU
		{355B70EA-8EE7-48FF-9A2A-6D48D6265279}.Debug|Any CPU.Build.0 = Debug|Any CPU
		{355B70EA-8EE7-48FF-9A2A-6D48D6265279}.Release|Any CPU.ActiveCfg = Release|Any CPU
		{355B70EA-8EE7-48FF-9A2A-6D48D6265279}.Release|Any CPU.Build.0 = Release|Any CPU
		{95870F2A-2DEE-406E-A922-908E34FCB7E9}.Debug|Any CPU.ActiveCfg = Debug|Any CPU
		{95870F2A-2DEE-406E-A922-908E34FCB7E9}.Debug|Any CPU.Build.0 = Debug|Any CPU
		{95870F2A-2DEE-406E-A922-908E34FCB7E9}.Release|Any CPU.ActiveCfg = Release|Any CPU
		{95870F2A-2DEE-406E-A922-908E34FCB7E9}.Release|Any CPU.Build.0 = Release|Any CPU
	EndGlobalSection
	GlobalSection(SolutionProperties) = preSolution
		HideSolutionNode = FALSE
	EndGlobalSection
EndGlobal
